
Microsoft Visual Studio Solution File, Format Version 12.00
# Visual Studio Version 17
VisualStudioVersion = 17.3.32929.385
MinimumVisualStudioVersion = 10.0.40219.1
Project("{FAE04EC0-301F-11D3-BF4B-00C04F79EFBC}") = "Drawing 2", "Drawing 2\Drawing 2.csproj", "{517B8616-696C-4DF0-B673-A0258093A675}"
EndProject
Global
	GlobalSection(SolutionConfigurationPlatforms) = preSolution
		Debug|Any CPU = Debug|Any CPU
		Release|Any CPU = Release|Any CPU
	EndGlobalSection
	GlobalSection(ProjectConfigurationPlatforms) = postSolution
		{517B8616-696C-4DF0-B673-A0258093A675}.Debug|Any CPU.ActiveCfg = Debug|Any CPU
		{517B8616-696C-4DF0-B673-A0258093A675}.Debug|Any CPU.Build.0 = Debug|Any CPU
		{517B8616-696C-4DF0-B673-A0258093A675}.Release|Any CPU.ActiveCfg = Release|Any CPU
		{517B8616-696C-4DF0-B673-A0258093A675}.Release|Any CPU.Build.0 = Release|Any CPU
	EndGlobalSection
	GlobalSection(SolutionProperties) = preSolution
		HideSolutionNode = FALSE
	EndGlobalSection
	GlobalSection(ExtensibilityGlobals) = postSolution
		SolutionGuid = {6BFF4946-20F1-422B-8417-F71563757390}
	EndGlobalSection
EndGlobal
